
Microsoft Visual Studio Solution File, Format Version 12.00
# Visual Studio 15
VisualStudioVersion = 15.0.26403.7
MinimumVisualStudioVersion = 10.0.40219.1
Project("{2150E333-8FDC-42A3-9474-1A3956D46DE8}") = "Domain", "Domain", "{CB5FDF1F-F0DF-40A7-A9BA-8F9C92A6D2C0}"
EndProject
Project("{2150E333-8FDC-42A3-9474-1A3956D46DE8}") = "Infra", "Infra", "{BC7F755D-92DB-42C2-BAC0-5DB52C2D9544}"
EndProject
Project("{2150E333-8FDC-42A3-9474-1A3956D46DE8}") = "CrossCutting", "CrossCutting", "{A4E20528-B6D9-452D-B8F4-F80C73AC5D11}"
EndProject
Project("{FAE04EC0-301F-11D3-BF4B-00C04F79EFBC}") = "RocamERP.CrossCutting", "RocamERP.CrossCutting\RocamERP.CrossCutting.csproj", "{ED7B6E6F-1D17-46F0-BFE3-FA0C1E505075}"
EndProject
Project("{2150E333-8FDC-42A3-9474-1A3956D46DE8}") = "Application", "Application", "{6A82CCBA-B81B-477A-BAC1-B9203FE18447}"
EndProject
Project("{2150E333-8FDC-42A3-9474-1A3956D46DE8}") = "Services", "Services", "{3A623356-3294-47DB-88F0-F199035A8F67}"
EndProject
Project("{FAE04EC0-301F-11D3-BF4B-00C04F79EFBC}") = "RocamERP.Services", "RocamERP.Services\RocamERP.Services.csproj", "{B023673B-4DC6-4643-95FF-69C4CDDEF04B}"
EndProject
Project("{2150E333-8FDC-42A3-9474-1A3956D46DE8}") = "Presentation", "Presentation", "{0A1ECB9A-9D66-481A-BD79-A7724EEBA615}"
EndProject
Project("{FAE04EC0-301F-11D3-BF4B-00C04F79EFBC}") = "RocamERP.Application", "RocamERP.Application\RocamERP.Application.csproj", "{04E068C9-9578-45B9-9A24-9D0885FE9937}"
EndProject
Project("{FAE04EC0-301F-11D3-BF4B-00C04F79EFBC}") = "RocamERP.Presentation.Web", "RocamERP.Presentation.Web\RocamERP.Presentation.Web.csproj", "{B013814C-AE69-47C3-9CEB-0302409C93A6}"
EndProject
Project("{FAE04EC0-301F-11D3-BF4B-00C04F79EFBC}") = "RocamERP.Domain", "RocamERP.Domain\RocamERP.Domain.csproj", "{E3100186-D87F-449B-954B-5EE239D424B4}"
EndProject
Project("{FAE04EC0-301F-11D3-BF4B-00C04F79EFBC}") = "RocamERP.Infra.Data", "RocamERP.Infra.Data\RocamERP.Infra.Data.csproj", "{261C3C12-867A-4942-8BD0-4489A9DBA05F}"
EndProject
Project("{FAE04EC0-301F-11D3-BF4B-00C04F79EFBC}") = "Rocam.ERP.Presentation.Web.Tests", "Rocam.ERP.Presentation.Web.Tests\Rocam.ERP.Presentation.Web.Tests.csproj", "{CDACE344-329D-467F-843C-B2BF643D99CE}"
EndProject
Global
	GlobalSection(SolutionConfigurationPlatforms) = preSolution
		Debug|Any CPU = Debug|Any CPU
		Release|Any CPU = Release|Any CPU
	EndGlobalSection
	GlobalSection(ProjectConfigurationPlatforms) = postSolution
		{ED7B6E6F-1D17-46F0-BFE3-FA0C1E505075}.Debug|Any CPU.ActiveCfg = Debug|Any CPU
		{ED7B6E6F-1D17-46F0-BFE3-FA0C1E505075}.Debug|Any CPU.Build.0 = Debug|Any CPU
		{ED7B6E6F-1D17-46F0-BFE3-FA0C1E505075}.Release|Any CPU.ActiveCfg = Release|Any CPU
		{ED7B6E6F-1D17-46F0-BFE3-FA0C1E505075}.Release|Any CPU.Build.0 = Release|Any CPU
		{B023673B-4DC6-4643-95FF-69C4CDDEF04B}.Debug|Any CPU.ActiveCfg = Debug|Any CPU
		{B023673B-4DC6-4643-95FF-69C4CDDEF04B}.Debug|Any CPU.Build.0 = Debug|Any CPU
		{B023673B-4DC6-4643-95FF-69C4CDDEF04B}.Release|Any CPU.ActiveCfg = Release|Any CPU
		{B023673B-4DC6-4643-95FF-69C4CDDEF04B}.Release|Any CPU.Build.0 = Release|Any CPU
		{04E068C9-9578-45B9-9A24-9D0885FE9937}.Debug|Any CPU.ActiveCfg = Debug|Any CPU
		{04E068C9-9578-45B9-9A24-9D0885FE9937}.Debug|Any CPU.Build.0 = Debug|Any CPU
		{04E068C9-9578-45B9-9A24-9D0885FE9937}.Release|Any CPU.ActiveCfg = Release|Any CPU
		{04E068C9-9578-45B9-9A24-9D0885FE9937}.Release|Any CPU.Build.0 = Release|Any CPU
		{B013814C-AE69-47C3-9CEB-0302409C93A6}.Debug|Any CPU.ActiveCfg = Debug|Any CPU
		{B013814C-AE69-47C3-9CEB-0302409C93A6}.Debug|Any CPU.Build.0 = Debug|Any CPU
		{B013814C-AE69-47C3-9CEB-0302409C93A6}.Release|Any CPU.ActiveCfg = Release|Any CPU
		{B013814C-AE69-47C3-9CEB-0302409C93A6}.Release|Any CPU.Build.0 = Release|Any CPU
		{E3100186-D87F-449B-954B-5EE239D424B4}.Debug|Any CPU.ActiveCfg = Debug|Any CPU
		{E3100186-D87F-449B-954B-5EE239D424B4}.Debug|Any CPU.Build.0 = Debug|Any CPU
		{E3100186-D87F-449B-954B-5EE239D424B4}.Release|Any CPU.ActiveCfg = Release|Any CPU
		{E3100186-D87F-449B-954B-5EE239D424B4}.Release|Any CPU.Build.0 = Release|Any CPU
		{261C3C12-867A-4942-8BD0-4489A9DBA05F}.Debug|Any CPU.ActiveCfg = Debug|Any CPU
		{261C3C12-867A-4942-8BD0-4489A9DBA05F}.Debug|Any CPU.Build.0 = Debug|Any CPU
		{261C3C12-867A-4942-8BD0-4489A9DBA05F}.Release|Any CPU.ActiveCfg = Release|Any CPU
		{261C3C12-867A-4942-8BD0-4489A9DBA05F}.Release|Any CPU.Build.0 = Release|Any CPU
		{CDACE344-329D-467F-843C-B2BF643D99CE}.Debug|Any CPU.ActiveCfg = Debug|Any CPU
		{CDACE344-329D-467F-843C-B2BF643D99CE}.Debug|Any CPU.Build.0 = Debug|Any CPU
		{CDACE344-329D-467F-843C-B2BF643D99CE}.Release|Any CPU.ActiveCfg = Release|Any CPU
		{CDACE344-329D-467F-843C-B2BF643D99CE}.Release|Any CPU.Build.0 = Release|Any CPU
	EndGlobalSection
	GlobalSection(SolutionProperties) = preSolution
		HideSolutionNode = FALSE
	EndGlobalSection
	GlobalSection(NestedProjects) = preSolution
		{ED7B6E6F-1D17-46F0-BFE3-FA0C1E505075} = {A4E20528-B6D9-452D-B8F4-F80C73AC5D11}
		{B023673B-4DC6-4643-95FF-69C4CDDEF04B} = {3A623356-3294-47DB-88F0-F199035A8F67}
		{04E068C9-9578-45B9-9A24-9D0885FE9937} = {6A82CCBA-B81B-477A-BAC1-B9203FE18447}
		{B013814C-AE69-47C3-9CEB-0302409C93A6} = {0A1ECB9A-9D66-481A-BD79-A7724EEBA615}
		{E3100186-D87F-449B-954B-5EE239D424B4} = {CB5FDF1F-F0DF-40A7-A9BA-8F9C92A6D2C0}
		{261C3C12-867A-4942-8BD0-4489A9DBA05F} = {BC7F755D-92DB-42C2-BAC0-5DB52C2D9544}
		{CDACE344-329D-467F-843C-B2BF643D99CE} = {0A1ECB9A-9D66-481A-BD79-A7724EEBA615}
	EndGlobalSection
EndGlobal
